
Microsoft Visual Studio Solution File, Format Version 12.00
# Visual Studio Version 16
VisualStudioVersion = 16.0.30225.117
MinimumVisualStudioVersion = 10.0.40219.1
Project("{FAE04EC0-301F-11D3-BF4B-00C04F79EFBC}") = "MediaTrimestral", "MediaTrimestral\MediaTrimestral.csproj", "{415B0DB3-2066-4A39-AFB9-6363DCCBFF10}"
EndProject
Global
	GlobalSection(SolutionConfigurationPlatforms) = preSolution
		Debug|Any CPU = Debug|Any CPU
		Release|Any CPU = Release|Any CPU
	EndGlobalSection
	GlobalSection(ProjectConfigurationPlatforms) = postSolution
		{415B0DB3-2066-4A39-AFB9-6363DCCBFF10}.Debug|Any CPU.ActiveCfg = Debug|Any CPU
		{415B0DB3-2066-4A39-AFB9-6363DCCBFF10}.Debug|Any CPU.Build.0 = Debug|Any CPU
		{415B0DB3-2066-4A39-AFB9-6363DCCBFF10}.Release|Any CPU.ActiveCfg = Release|Any CPU
		{415B0DB3-2066-4A39-AFB9-6363DCCBFF10}.Release|Any CPU.Build.0 = Release|Any CPU
	EndGlobalSection
	GlobalSection(SolutionProperties) = preSolution
		HideSolutionNode = FALSE
	EndGlobalSection
	GlobalSection(ExtensibilityGlobals) = postSolution
		SolutionGuid = {C21A5200-959E-4508-A79F-1BF604CDD0F2}
	EndGlobalSection
EndGlobal
