
Microsoft Visual Studio Solution File, Format Version 12.00
# Visual Studio Version 16
VisualStudioVersion = 16.0.30225.117
MinimumVisualStudioVersion = 10.0.40219.1
Project("{FAE04EC0-301F-11D3-BF4B-00C04F79EFBC}") = "CadastroIdentidade", "CadastroIdentidade\CadastroIdentidade.csproj", "{C9B9DD64-954C-4F93-8CFB-E7A1AE61C80E}"
EndProject
Global
	GlobalSection(SolutionConfigurationPlatforms) = preSolution
		Debug|Any CPU = Debug|Any CPU
		Release|Any CPU = Release|Any CPU
	EndGlobalSection
	GlobalSection(ProjectConfigurationPlatforms) = postSolution
		{C9B9DD64-954C-4F93-8CFB-E7A1AE61C80E}.Debug|Any CPU.ActiveCfg = Debug|Any CPU
		{C9B9DD64-954C-4F93-8CFB-E7A1AE61C80E}.Debug|Any CPU.Build.0 = Debug|Any CPU
		{C9B9DD64-954C-4F93-8CFB-E7A1AE61C80E}.Release|Any CPU.ActiveCfg = Release|Any CPU
		{C9B9DD64-954C-4F93-8CFB-E7A1AE61C80E}.Release|Any CPU.Build.0 = Release|Any CPU
	EndGlobalSection
	GlobalSection(SolutionProperties) = preSolution
		HideSolutionNode = FALSE
	EndGlobalSection
	GlobalSection(ExtensibilityGlobals) = postSolution
		SolutionGuid = {E4A263AF-A306-40A6-B1C2-6DF2E74ED5AA}
	EndGlobalSection
EndGlobal
