
Microsoft Visual Studio Solution File, Format Version 12.00
# Visual Studio Version 16
VisualStudioVersion = 16.0.30204.135
MinimumVisualStudioVersion = 10.0.40219.1
Project("{FAE04EC0-301F-11D3-BF4B-00C04F79EFBC}") = "EntradaESaidaDeDados", "EntradaESaidaDeDados\EntradaESaidaDeDados.csproj", "{CAB5E9F0-1DFE-4B52-8AE8-254E2738915A}"
EndProject
Global
	GlobalSection(SolutionConfigurationPlatforms) = preSolution
		Debug|Any CPU = Debug|Any CPU
		Release|Any CPU = Release|Any CPU
	EndGlobalSection
	GlobalSection(ProjectConfigurationPlatforms) = postSolution
		{CAB5E9F0-1DFE-4B52-8AE8-254E2738915A}.Debug|Any CPU.ActiveCfg = Debug|Any CPU
		{CAB5E9F0-1DFE-4B52-8AE8-254E2738915A}.Debug|Any CPU.Build.0 = Debug|Any CPU
		{CAB5E9F0-1DFE-4B52-8AE8-254E2738915A}.Release|Any CPU.ActiveCfg = Release|Any CPU
		{CAB5E9F0-1DFE-4B52-8AE8-254E2738915A}.Release|Any CPU.Build.0 = Release|Any CPU
	EndGlobalSection
	GlobalSection(SolutionProperties) = preSolution
		HideSolutionNode = FALSE
	EndGlobalSection
	GlobalSection(ExtensibilityGlobals) = postSolution
		SolutionGuid = {12D21369-5D7D-4D51-BB2A-52D706696B7E}
	EndGlobalSection
EndGlobal
