
Microsoft Visual Studio Solution File, Format Version 12.00
# Visual Studio Version 16
VisualStudioVersion = 16.0.30225.117
MinimumVisualStudioVersion = 10.0.40219.1
Project("{FAE04EC0-301F-11D3-BF4B-00C04F79EFBC}") = "CadastroPessoa", "CadastroPessoa\CadastroPessoa.csproj", "{DB3684B4-14CF-4D1F-9E56-2690064A8096}"
EndProject
Global
	GlobalSection(SolutionConfigurationPlatforms) = preSolution
		Debug|Any CPU = Debug|Any CPU
		Release|Any CPU = Release|Any CPU
	EndGlobalSection
	GlobalSection(ProjectConfigurationPlatforms) = postSolution
		{DB3684B4-14CF-4D1F-9E56-2690064A8096}.Debug|Any CPU.ActiveCfg = Debug|Any CPU
		{DB3684B4-14CF-4D1F-9E56-2690064A8096}.Debug|Any CPU.Build.0 = Debug|Any CPU
		{DB3684B4-14CF-4D1F-9E56-2690064A8096}.Release|Any CPU.ActiveCfg = Release|Any CPU
		{DB3684B4-14CF-4D1F-9E56-2690064A8096}.Release|Any CPU.Build.0 = Release|Any CPU
	EndGlobalSection
	GlobalSection(SolutionProperties) = preSolution
		HideSolutionNode = FALSE
	EndGlobalSection
	GlobalSection(ExtensibilityGlobals) = postSolution
		SolutionGuid = {AD6960A8-C574-40EA-8FF1-B9E4D5F5C849}
	EndGlobalSection
EndGlobal
