
Microsoft Visual Studio Solution File, Format Version 12.00
# Visual Studio Version 16
VisualStudioVersion = 16.0.30225.117
MinimumVisualStudioVersion = 10.0.40219.1
Project("{FAE04EC0-301F-11D3-BF4B-00C04F79EFBC}") = "Retangulo", "Retangulo\Retangulo.csproj", "{F915DEDC-8056-4A5B-9EC1-59D413579F02}"
EndProject
Global
	GlobalSection(SolutionConfigurationPlatforms) = preSolution
		Debug|Any CPU = Debug|Any CPU
		Release|Any CPU = Release|Any CPU
	EndGlobalSection
	GlobalSection(ProjectConfigurationPlatforms) = postSolution
		{F915DEDC-8056-4A5B-9EC1-59D413579F02}.Debug|Any CPU.ActiveCfg = Debug|Any CPU
		{F915DEDC-8056-4A5B-9EC1-59D413579F02}.Debug|Any CPU.Build.0 = Debug|Any CPU
		{F915DEDC-8056-4A5B-9EC1-59D413579F02}.Release|Any CPU.ActiveCfg = Release|Any CPU
		{F915DEDC-8056-4A5B-9EC1-59D413579F02}.Release|Any CPU.Build.0 = Release|Any CPU
	EndGlobalSection
	GlobalSection(SolutionProperties) = preSolution
		HideSolutionNode = FALSE
	EndGlobalSection
	GlobalSection(ExtensibilityGlobals) = postSolution
		SolutionGuid = {B9EE478D-8833-4D70-8A17-328890EBDE87}
	EndGlobalSection
EndGlobal
