
Microsoft Visual Studio Solution File, Format Version 12.00
# Visual Studio Version 16
VisualStudioVersion = 16.0.30204.135
MinimumVisualStudioVersion = 10.0.40219.1
Project("{FAE04EC0-301F-11D3-BF4B-00C04F79EFBC}") = "Lanchonete", "Lanchonete\Lanchonete.csproj", "{87E3C7A1-EF44-4E2A-8253-985E23D06738}"
EndProject
Global
	GlobalSection(SolutionConfigurationPlatforms) = preSolution
		Debug|Any CPU = Debug|Any CPU
		Release|Any CPU = Release|Any CPU
	EndGlobalSection
	GlobalSection(ProjectConfigurationPlatforms) = postSolution
		{87E3C7A1-EF44-4E2A-8253-985E23D06738}.Debug|Any CPU.ActiveCfg = Debug|Any CPU
		{87E3C7A1-EF44-4E2A-8253-985E23D06738}.Debug|Any CPU.Build.0 = Debug|Any CPU
		{87E3C7A1-EF44-4E2A-8253-985E23D06738}.Release|Any CPU.ActiveCfg = Release|Any CPU
		{87E3C7A1-EF44-4E2A-8253-985E23D06738}.Release|Any CPU.Build.0 = Release|Any CPU
	EndGlobalSection
	GlobalSection(SolutionProperties) = preSolution
		HideSolutionNode = FALSE
	EndGlobalSection
	GlobalSection(ExtensibilityGlobals) = postSolution
		SolutionGuid = {5DBAD7B7-D231-4C7D-A614-A7F7938235DA}
	EndGlobalSection
EndGlobal
