
Microsoft Visual Studio Solution File, Format Version 12.00
# Visual Studio Version 16
VisualStudioVersion = 16.0.30204.135
MinimumVisualStudioVersion = 10.0.40219.1
Project("{FAE04EC0-301F-11D3-BF4B-00C04F79EFBC}") = "NegativoPositivo", "NegativoPositivo\NegativoPositivo.csproj", "{DDD30084-3A54-49C5-9597-21FACE2A85EC}"
EndProject
Global
	GlobalSection(SolutionConfigurationPlatforms) = preSolution
		Debug|Any CPU = Debug|Any CPU
		Release|Any CPU = Release|Any CPU
	EndGlobalSection
	GlobalSection(ProjectConfigurationPlatforms) = postSolution
		{DDD30084-3A54-49C5-9597-21FACE2A85EC}.Debug|Any CPU.ActiveCfg = Debug|Any CPU
		{DDD30084-3A54-49C5-9597-21FACE2A85EC}.Debug|Any CPU.Build.0 = Debug|Any CPU
		{DDD30084-3A54-49C5-9597-21FACE2A85EC}.Release|Any CPU.ActiveCfg = Release|Any CPU
		{DDD30084-3A54-49C5-9597-21FACE2A85EC}.Release|Any CPU.Build.0 = Release|Any CPU
	EndGlobalSection
	GlobalSection(SolutionProperties) = preSolution
		HideSolutionNode = FALSE
	EndGlobalSection
	GlobalSection(ExtensibilityGlobals) = postSolution
		SolutionGuid = {54D66B22-1915-42B9-B12A-0F883D876B89}
	EndGlobalSection
EndGlobal
